
Microsoft Visual Studio Solution File, Format Version 12.00
# Visual Studio Version 16
VisualStudioVersion = 16.0.30804.86
MinimumVisualStudioVersion = 10.0.40219.1
Project("{9A19103F-16F7-4668-BE54-9A1E7A4F7556}") = "Replay Emulator", "Replay Emulator\Replay Emulator.csproj", "{EC829232-4AE9-4A3A-9D9D-08CD7F7DEAE1}"
EndProject
Global
	GlobalSection(SolutionConfigurationPlatforms) = preSolution
		Debug|Any CPU = Debug|Any CPU
		Release|Any CPU = Release|Any CPU
	EndGlobalSection
	GlobalSection(ProjectConfigurationPlatforms) = postSolution
		{EC829232-4AE9-4A3A-9D9D-08CD7F7DEAE1}.Debug|Any CPU.ActiveCfg = Debug|Any CPU
		{EC829232-4AE9-4A3A-9D9D-08CD7F7DEAE1}.Debug|Any CPU.Build.0 = Debug|Any CPU
		{EC829232-4AE9-4A3A-9D9D-08CD7F7DEAE1}.Release|Any CPU.ActiveCfg = Release|Any CPU
		{EC829232-4AE9-4A3A-9D9D-08CD7F7DEAE1}.Release|Any CPU.Build.0 = Release|Any CPU
	EndGlobalSection
	GlobalSection(SolutionProperties) = preSolution
		HideSolutionNode = FALSE
	EndGlobalSection
	GlobalSection(ExtensibilityGlobals) = postSolution
		SolutionGuid = {566178BB-E185-424E-80C0-6B845B9CA6B4}
	EndGlobalSection
EndGlobal
